
Microsoft Visual Studio Solution File, Format Version 12.00
# Visual Studio Version 17
VisualStudioVersion = 17.11.35219.272
MinimumVisualStudioVersion = 10.0.40219.1
Project("{FAE04EC0-301F-11D3-BF4B-00C04F79EFBC}") = "SDR_Play_Remote", "SDR_Play_Remote.csproj", "{987EA761-164E-49B6-A6D0-F214FCF86628}"
EndProject
Global
	GlobalSection(SolutionConfigurationPlatforms) = preSolution
		Debug|Any CPU = Debug|Any CPU
		Release|Any CPU = Release|Any CPU
	EndGlobalSection
	GlobalSection(ProjectConfigurationPlatforms) = postSolution
		{987EA761-164E-49B6-A6D0-F214FCF86628}.Debug|Any CPU.ActiveCfg = Debug|Any CPU
		{987EA761-164E-49B6-A6D0-F214FCF86628}.Debug|Any CPU.Build.0 = Debug|Any CPU
		{987EA761-164E-49B6-A6D0-F214FCF86628}.Release|Any CPU.ActiveCfg = Release|Any CPU
		{987EA761-164E-49B6-A6D0-F214FCF86628}.Release|Any CPU.Build.0 = Release|Any CPU
	EndGlobalSection
	GlobalSection(SolutionProperties) = preSolution
		HideSolutionNode = FALSE
	EndGlobalSection
	GlobalSection(ExtensibilityGlobals) = postSolution
		SolutionGuid = {ADF6A195-583A-43FE-820A-9272E3350673}
	EndGlobalSection
EndGlobal
